<Solution>
  <Folder Name="/src/">
    <Project Path="src/WKVRCProxy/WKVRCProxy.csproj" />
    <Project Path="src/WKVRCProxy.Shared/WKVRCProxy.Shared.csproj" />
    <Project Path="src/WKVRCProxy.Updater/WKVRCProxy.Updater.csproj" />
    <Project Path="src/WKVRCProxy.Uninstaller/WKVRCProxy.Uninstaller.csproj" />
    <Project Path="src/WKVRCProxy.Tests/WKVRCProxy.Tests.csproj" />
    <Project Path="src/WKVRCProxy.YtDlp/WKVRCProxy.YtDlp.csproj" />
  </Folder>
</Solution>
